
Microsoft Visual Studio Solution File, Format Version 12.00
# Visual Studio 14
VisualStudioVersion = 14.0.25420.1
MinimumVisualStudioVersion = 10.0.40219.1
Project("{8BC9CEB8-8B4A-11D0-8D11-00A0C91BC942}") = "OsuukiSB", "OsuukiSB\OsuukiSB.vcxproj", "{1441267D-3F87-43FD-BF1E-1B5A7919410D}"
EndProject
Project("{8BC9CEB8-8B4A-11D0-8D11-00A0C91BC942}") = "OsuukiSBTests", "OsuukiSBTests\OsuukiSBTests.vcxproj", "{2576BFE9-D31C-45F4-B6E8-ED92088BABB4}"
	ProjectSection(ProjectDependencies) = postProject
		{1441267D-3F87-43FD-BF1E-1B5A7919410D} = {1441267D-3F87-43FD-BF1E-1B5A7919410D}
	EndProjectSection
EndProject
Global
	GlobalSection(SolutionConfigurationPlatforms) = preSolution
		Debug|Win32 = Debug|Win32
		Release|Win32 = Release|Win32
	EndGlobalSection
	GlobalSection(ProjectConfigurationPlatforms) = postSolution
		{1441267D-3F87-43FD-BF1E-1B5A7919410D}.Debug|Win32.ActiveCfg = Debug|Win32
		{1441267D-3F87-43FD-BF1E-1B5A7919410D}.Debug|Win32.Build.0 = Debug|Win32
		{1441267D-3F87-43FD-BF1E-1B5A7919410D}.Release|Win32.ActiveCfg = Release|Win32
		{1441267D-3F87-43FD-BF1E-1B5A7919410D}.Release|Win32.Build.0 = Release|Win32
		{2576BFE9-D31C-45F4-B6E8-ED92088BABB4}.Debug|Win32.ActiveCfg = Debug|Win32
		{2576BFE9-D31C-45F4-B6E8-ED92088BABB4}.Debug|Win32.Build.0 = Debug|Win32
		{2576BFE9-D31C-45F4-B6E8-ED92088BABB4}.Release|Win32.ActiveCfg = Release|Win32
		{2576BFE9-D31C-45F4-B6E8-ED92088BABB4}.Release|Win32.Build.0 = Release|Win32
	EndGlobalSection
	GlobalSection(SolutionProperties) = preSolution
		HideSolutionNode = FALSE
	EndGlobalSection
EndGlobal
